<?xml version="1.0" encoding="utf-8"?>
<Project ToolsVersion="16.0" xmlns="http://schemas.microsoft.com/developer/msbuild/2003">
  <ItemGroup>
    <ClCompile Include="C:\Users\stankoa\source\CMake\Help\guide\tutorial\Step1\tutorial.cxx">
      <Filter>Source Files</Filter>
    </ClCompile>
  </ItemGroup>
  <ItemGroup>
    <CustomBuild Include="C:\Users\stankoa\source\CMake\Help\guide\tutorial\Step1\CMakeLists.txt" />
  </ItemGroup>
  <ItemGroup>
    <Filter Include="Source Files">
      <UniqueIdentifier>{58E9F42E-3428-36A8-BEAD-92DE86CB03FE}</UniqueIdentifier>
    </Filter>
  </ItemGroup>
</Project>
